// !$*UTF8*$!
{
	archiveVersion = 1;
	classes = {
	};
	objectVersion = 50;
	objects = {

/* Begin PBXBuildFile section */
		6526B37226248B8700BFB4EB /* AppDelegate.swift in Sources */ = {isa = PBXBuildFile; fileRef = 6526B37126248B8700BFB4EB /* AppDelegate.swift */; };
		6526B37426248B8700BFB4EB /* SceneDelegate.swift in Sources */ = {isa = PBXBuildFile; fileRef = 6526B37326248B8700BFB4EB /* SceneDelegate.swift */; };
		6526B37626248B8700BFB4EB /* ViewController.swift in Sources */ = {isa = PBXBuildFile; fileRef = 6526B37526248B8700BFB4EB /* ViewController.swift */; };
		6526B37926248B8700BFB4EB /* Main.storyboard in Resources */ = {isa = PBXBuildFile; fileRef = 6526B37726248B8700BFB4EB /* Main.storyboard */; };
		6526B37B26248B8800BFB4EB /* Assets.xcassets in Resources */ = {isa = PBXBuildFile; fileRef = 6526B37A26248B8800BFB4EB /* Assets.xcassets */; };
		6526B37E26248B8800BFB4EB /* LaunchScreen.storyboard in Resources */ = {isa = PBXBuildFile; fileRef = 6526B37C26248B8800BFB4EB /* LaunchScreen.storyboard */; };
		6526B38726248E5C00BFB4EB /* CryptoTableViewCell.swift in Sources */ = {isa = PBXBuildFile; fileRef = 6526B38626248E5C00BFB4EB /* CryptoTableViewCell.swift */; };
		6526B38F262490BB00BFB4EB /* CryptoCurrency.swift in Sources */ = {isa = PBXBuildFile; fileRef = 6526B38E262490BB00BFB4EB /* CryptoCurrency.swift */; };
		6526B3922624925E00BFB4EB /* Webservice.swift in Sources */ = {isa = PBXBuildFile; fileRef = 6526B3912624925E00BFB4EB /* Webservice.swift */; };
		65868CD826249BF0005A262E /* CryptoViewModel.swift in Sources */ = {isa = PBXBuildFile; fileRef = 65868CD726249BF0005A262E /* CryptoViewModel.swift */; };
/* End PBXBuildFile section */

/* Begin PBXFileReference section */
		6526B36E26248B8700BFB4EB /* CryptoCoinApp.app */ = {isa = PBXFileReference; explicitFileType = wrapper.application; includeInIndex = 0; path = CryptoCoinApp.app; sourceTree = BUILT_PRODUCTS_DIR; };
		6526B37126248B8700BFB4EB /* AppDelegate.swift */ = {isa = PBXFileReference; lastKnownFileType = sourcecode.swift; path = AppDelegate.swift; sourceTree = "<group>"; };
		6526B37326248B8700BFB4EB /* SceneDelegate.swift */ = {isa = PBXFileReference; lastKnownFileType = sourcecode.swift; path = SceneDelegate.swift; sourceTree = "<group>"; };
		6526B37526248B8700BFB4EB /* ViewController.swift */ = {isa = PBXFileReference; lastKnownFileType = sourcecode.swift; path = ViewController.swift; sourceTree = "<group>"; };
		6526B37826248B8700BFB4EB /* Base */ = {isa = PBXFileReference; lastKnownFileType = file.storyboard; name = Base; path = Base.lproj/Main.storyboard; sourceTree = "<group>"; };
		6526B37A26248B8800BFB4EB /* Assets.xcassets */ = {isa = PBXFileReference; lastKnownFileType = folder.assetcatalog; path = Assets.xcassets; sourceTree = "<group>"; };
		6526B37D26248B8800BFB4EB /* Base */ = {isa = PBXFileReference; lastKnownFileType = file.storyboard; name = Base; path = Base.lproj/LaunchScreen.storyboard; sourceTree = "<group>"; };
		6526B37F26248B8800BFB4EB /* Info.plist */ = {isa = PBXFileReference; lastKnownFileType = text.plist.xml; path = Info.plist; sourceTree = "<group>"; };
		6526B38626248E5C00BFB4EB /* CryptoTableViewCell.swift */ = {isa = PBXFileReference; lastKnownFileType = sourcecode.swift; path = CryptoTableViewCell.swift; sourceTree = "<group>"; };
		6526B38E262490BB00BFB4EB /* CryptoCurrency.swift */ = {isa = PBXFileReference; lastKnownFileType = sourcecode.swift; path = CryptoCurrency.swift; sourceTree = "<group>"; };
		6526B3912624925E00BFB4EB /* Webservice.swift */ = {isa = PBXFileReference; lastKnownFileType = sourcecode.swift; path = Webservice.swift; sourceTree = "<group>"; };
		65868CD726249BF0005A262E /* CryptoViewModel.swift */ = {isa = PBXFileReference; lastKnownFileType = sourcecode.swift; path = CryptoViewModel.swift; sourceTree = "<group>"; };
/* End PBXFileReference section */

/* Begin PBXFrameworksBuildPhase section */
		6526B36B26248B8700BFB4EB /* Frameworks */ = {
			isa = PBXFrameworksBuildPhase;
			buildActionMask = 2147483647;
			files = (
			);
			runOnlyForDeploymentPostprocessing = 0;
		};
/* End PBXFrameworksBuildPhase section */

/* Begin PBXGroup section */
		6526B36526248B8700BFB4EB = {
			isa = PBXGroup;
			children = (
				6526B37026248B8700BFB4EB /* CryptoCoinApp */,
				6526B36F26248B8700BFB4EB /* Products */,
			);
			sourceTree = "<group>";
		};
		6526B36F26248B8700BFB4EB /* Products */ = {
			isa = PBXGroup;
			children = (
				6526B36E26248B8700BFB4EB /* CryptoCoinApp.app */,
			);
			name = Products;
			sourceTree = "<group>";
		};
		6526B37026248B8700BFB4EB /* CryptoCoinApp */ = {
			isa = PBXGroup;
			children = (
				6526B38D2624905900BFB4EB /* Service */,
				6526B38C2624904E00BFB4EB /* ViewModel */,
				6526B38B2624904800BFB4EB /* Model */,
				6526B38A2624904100BFB4EB /* View */,
				6526B37726248B8700BFB4EB /* Main.storyboard */,
				6526B37A26248B8800BFB4EB /* Assets.xcassets */,
				6526B37C26248B8800BFB4EB /* LaunchScreen.storyboard */,
				6526B37F26248B8800BFB4EB /* Info.plist */,
			);
			path = CryptoCoinApp;
			sourceTree = "<group>";
		};
		6526B38A2624904100BFB4EB /* View */ = {
			isa = PBXGroup;
			children = (
				6526B37126248B8700BFB4EB /* AppDelegate.swift */,
				6526B37326248B8700BFB4EB /* SceneDelegate.swift */,
				6526B37526248B8700BFB4EB /* ViewController.swift */,
				6526B38626248E5C00BFB4EB /* CryptoTableViewCell.swift */,
			);
			path = View;
			sourceTree = "<group>";
		};
		6526B38B2624904800BFB4EB /* Model */ = {
			isa = PBXGroup;
			children = (
				6526B38E262490BB00BFB4EB /* CryptoCurrency.swift */,
			);
			path = Model;
			sourceTree = "<group>";
		};
		6526B38C2624904E00BFB4EB /* ViewModel */ = {
			isa = PBXGroup;
			children = (
				65868CD726249BF0005A262E /* CryptoViewModel.swift */,
			);
			path = ViewModel;
			sourceTree = "<group>";
		};
		6526B38D2624905900BFB4EB /* Service */ = {
			isa = PBXGroup;
			children = (
				6526B3912624925E00BFB4EB /* Webservice.swift */,
			);
			path = Service;
			sourceTree = "<group>";
		};
/* End PBXGroup section */

/* Begin PBXNativeTarget section */
		6526B36D26248B8700BFB4EB /* CryptoCoinApp */ = {
			isa = PBXNativeTarget;
			buildConfigurationList = 6526B38226248B8800BFB4EB /* Build configuration list for PBXNativeTarget "CryptoCoinApp" */;
			buildPhases = (
				6526B36A26248B8700BFB4EB /* Sources */,
				6526B36B26248B8700BFB4EB /* Frameworks */,
				6526B36C26248B8700BFB4EB /* Resources */,
			);
			buildRules = (
			);
			dependencies = (
			);
			name = CryptoCoinApp;
			productName = CryptoCoinApp;
			productReference = 6526B36E26248B8700BFB4EB /* CryptoCoinApp.app */;
			productType = "com.apple.product-type.application";
		};
/* End PBXNativeTarget section */

/* Begin PBXProject section */
		6526B36626248B8700BFB4EB /* Project object */ = {
			isa = PBXProject;
			attributes = {
				LastSwiftUpdateCheck = 1240;
				LastUpgradeCheck = 1240;
				TargetAttributes = {
					6526B36D26248B8700BFB4EB = {
						CreatedOnToolsVersion = 12.4;
					};
				};
			};
			buildConfigurationList = 6526B36926248B8700BFB4EB /* Build configuration list for PBXProject "CryptoCoinApp" */;
			compatibilityVersion = "Xcode 9.3";
			developmentRegion = en;
			hasScannedForEncodings = 0;
			knownRegions = (
				en,
				Base,
			);
			mainGroup = 6526B36526248B8700BFB4EB;
			productRefGroup = 6526B36F26248B8700BFB4EB /* Products */;
			projectDirPath = "";
			projectRoot = "";
			targets = (
				6526B36D26248B8700BFB4EB /* CryptoCoinApp */,
			);
		};
/* End PBXProject section */

/* Begin PBXResourcesBuildPhase section */
		6526B36C26248B8700BFB4EB /* Resources */ = {
			isa = PBXResourcesBuildPhase;
			buildActionMask = 2147483647;
			files = (
				6526B37E26248B8800BFB4EB /* LaunchScreen.storyboard in Resources */,
				6526B37B26248B8800BFB4EB /* Assets.xcassets in Resources */,
				6526B37926248B8700BFB4EB /* Main.storyboard in Resources */,
			);
			runOnlyForDeploymentPostprocessing = 0;
		};
/* End PBXResourcesBuildPhase section */

/* Begin PBXSourcesBuildPhase section */
		6526B36A26248B8700BFB4EB /* Sources */ = {
			isa = PBXSourcesBuildPhase;
			buildActionMask = 2147483647;
			files = (
				6526B38726248E5C00BFB4EB /* CryptoTableViewCell.swift in Sources */,
				6526B37626248B8700BFB4EB /* ViewController.swift in Sources */,
				6526B3922624925E00BFB4EB /* Webservice.swift in Sources */,
				65868CD826249BF0005A262E /* CryptoViewModel.swift in Sources */,
				6526B37226248B8700BFB4EB /* AppDelegate.swift in Sources */,
				6526B38F262490BB00BFB4EB /* CryptoCurrency.swift in Sources */,
				6526B37426248B8700BFB4EB /* SceneDelegate.swift in Sources */,
			);
			runOnlyForDeploymentPostprocessing = 0;
		};
/* End PBXSourcesBuildPhase section */

/* Begin PBXVariantGroup section */
		6526B37726248B8700BFB4EB /* Main.storyboard */ = {
			isa = PBXVariantGroup;
			children = (
				6526B37826248B8700BFB4EB /* Base */,
			);
			name = Main.storyboard;
			sourceTree = "<group>";
		};
		6526B37C26248B8800BFB4EB /* LaunchScreen.storyboard */ = {
			isa = PBXVariantGroup;
			children = (
				6526B37D26248B8800BFB4EB /* Base */,
			);
			name = LaunchScreen.storyboard;
			sourceTree = "<group>";
		};
/* End PBXVariantGroup section */

/* Begin XCBuildConfiguration section */
		6526B38026248B8800BFB4EB /* Debug */ = {
			isa = XCBuildConfiguration;
			buildSettings = {
				ALWAYS_SEARCH_USER_PATHS = NO;
				CLANG_ANALYZER_NONNULL = YES;
				CLANG_ANALYZER_NUMBER_OBJECT_CONVERSION = YES_AGGRESSIVE;
				CLANG_CXX_LANGUAGE_STANDARD = "gnu++14";
				CLANG_CXX_LIBRARY = "libc++";
				CLANG_ENABLE_MODULES = YES;
				CLANG_ENABLE_OBJC_ARC = YES;
				CLANG_ENABLE_OBJC_WEAK = YES;
				CLANG_WARN_BLOCK_CAPTURE_AUTORELEASING = YES;
				CLANG_WARN_BOOL_CONVERSION = YES;
				CLANG_WARN_COMMA = YES;
				CLANG_WARN_CONSTANT_CONVERSION = YES;
				CLANG_WARN_DEPRECATED_OBJC_IMPLEMENTATIONS = YES;
				CLANG_WARN_DIRECT_OBJC_ISA_USAGE = YES_ERROR;
				CLANG_WARN_DOCUMENTATION_COMMENTS = YES;
				CLANG_WARN_EMPTY_BODY = YES;
				CLANG_WARN_ENUM_CONVERSION = YES;
				CLANG_WARN_INFINITE_RECURSION = YES;
				CLANG_WARN_INT_CONVERSION = YES;
				CLANG_WARN_NON_LITERAL_NULL_CONVERSION = YES;
				CLANG_WARN_OBJC_IMPLICIT_RETAIN_SELF = YES;
				CLANG_WARN_OBJC_LITERAL_CONVERSION = YES;
				CLANG_WARN_OBJC_ROOT_CLASS = YES_ERROR;
				CLANG_WARN_QUOTED_INCLUDE_IN_FRAMEWORK_HEADER = YES;
				CLANG_WARN_RANGE_LOOP_ANALYSIS = YES;
				CLANG_WARN_STRICT_PROTOTYPES = YES;
				CLANG_WARN_SUSPICIOUS_MOVE = YES;
				CLANG_WARN_UNGUARDED_AVAILABILITY = YES_AGGRESSIVE;
				CLANG_WARN_UNREACHABLE_CODE = YES;
				CLANG_WARN__DUPLICATE_METHOD_MATCH = YES;
				COPY_PHASE_STRIP = NO;
				DEBUG_INFORMATION_FORMAT = dwarf;
				ENABLE_STRICT_OBJC_MSGSEND = YES;
				ENABLE_TESTABILITY = YES;
				GCC_C_LANGUAGE_STANDARD = gnu11;
				GCC_DYNAMIC_NO_PIC = NO;
				GCC_NO_COMMON_BLOCKS = YES;
				GCC_OPTIMIZATION_LEVEL = 0;
				GCC_PREPROCESSOR_DEFINITIONS = (
					"DEBUG=1",
					"$(inherited)",
				);
				GCC_WARN_64_TO_32_BIT_CONVERSION = YES;
				GCC_WARN_ABOUT_RETURN_TYPE = YES_ERROR;
				GCC_WARN_UNDECLARED_SELECTOR = YES;
				GCC_WARN_UNINITIALIZED_AUTOS = YES_AGGRESSIVE;
				GCC_WARN_UNUSED_FUNCTION = YES;
				GCC_WARN_UNUSED_VARIABLE = YES;
				IPHONEOS_DEPLOYMENT_TARGET = 14.4;
				MTL_ENABLE_DEBUG_INFO = INCLUDE_SOURCE;
				MTL_FAST_MATH = YES;
				ONLY_ACTIVE_ARCH = YES;
				SDKROOT = iphoneos;
				SWIFT_ACTIVE_COMPILATION_CONDITIONS = DEBUG;
				SWIFT_OPTIMIZATION_LEVEL = "-Onone";
			};
			name = Debug;
		};
		6526B38126248B8800BFB4EB /* Release */ = {
			isa = XCBuildConfiguration;
			buildSettings = {
				ALWAYS_SEARCH_USER_PATHS = NO;
				CLANG_ANALYZER_NONNULL = YES;
				CLANG_ANALYZER_NUMBER_OBJECT_CONVERSION = YES_AGGRESSIVE;
				CLANG_CXX_LANGUAGE_STANDARD = "gnu++14";
				CLANG_CXX_LIBRARY = "libc++";
				CLANG_ENABLE_MODULES = YES;
				CLANG_ENABLE_OBJC_ARC = YES;
				CLANG_ENABLE_OBJC_WEAK = YES;
				CLANG_WARN_BLOCK_CAPTURE_AUTORELEASING = YES;
				CLANG_WARN_BOOL_CONVERSION = YES;
				CLANG_WARN_COMMA = YES;
				CLANG_WARN_CONSTANT_CONVERSION = YES;
				CLANG_WARN_DEPRECATED_OBJC_IMPLEMENTATIONS = YES;
				CLANG_WARN_DIRECT_OBJC_ISA_USAGE = YES_ERROR;
				CLANG_WARN_DOCUMENTATION_COMMENTS = YES;
				CLANG_WARN_EMPTY_BODY = YES;
				CLANG_WARN_ENUM_CONVERSION = YES;
				CLANG_WARN_INFINITE_RECURSION = YES;
				CLANG_WARN_INT_CONVERSION = YES;
				CLANG_WARN_NON_LITERAL_NULL_CONVERSION = YES;
				CLANG_WARN_OBJC_IMPLICIT_RETAIN_SELF = YES;
				CLANG_WARN_OBJC_LITERAL_CONVERSION = YES;
				CLANG_WARN_OBJC_ROOT_CLASS = YES_ERROR;
				CLANG_WARN_QUOTED_INCLUDE_IN_FRAMEWORK_HEADER = YES;
				CLANG_WARN_RANGE_LOOP_ANALYSIS = YES;
				CLANG_WARN_STRICT_PROTOTYPES = YES;
				CLANG_WARN_SUSPICIOUS_MOVE = YES;
				CLANG_WARN_UNGUARDED_AVAILABILITY = YES_AGGRESSIVE;
				CLANG_WARN_UNREACHABLE_CODE = YES;
				CLANG_WARN__DUPLICATE_METHOD_MATCH = YES;
				COPY_PHASE_STRIP = NO;
				DEBUG_INFORMATION_FORMAT = "dwarf-with-dsym";
				ENABLE_NS_ASSERTIONS = NO;
				ENABLE_STRICT_OBJC_MSGSEND = YES;
				GCC_C_LANGUAGE_STANDARD = gnu11;
				GCC_NO_COMMON_BLOCKS = YES;
				GCC_WARN_64_TO_32_BIT_CONVERSION = YES;
				GCC_WARN_ABOUT_RETURN_TYPE = YES_ERROR;
				GCC_WARN_UNDECLARED_SELECTOR = YES;
				GCC_WARN_UNINITIALIZED_AUTOS = YES_AGGRESSIVE;
				GCC_WARN_UNUSED_FUNCTION = YES;
				GCC_WARN_UNUSED_VARIABLE = YES;
				IPHONEOS_DEPLOYMENT_TARGET = 14.4;
				MTL_ENABLE_DEBUG_INFO = NO;
				MTL_FAST_MATH = YES;
				SDKROOT = iphoneos;
				SWIFT_COMPILATION_MODE = wholemodule;
				SWIFT_OPTIMIZATION_LEVEL = "-O";
				VALIDATE_PRODUCT = YES;
			};
			name = Release;
		};
		6526B38326248B8800BFB4EB /* Debug */ = {
			isa = XCBuildConfiguration;
			buildSettings = {
				ASSETCATALOG_COMPILER_APPICON_NAME = AppIcon;
				ASSETCATALOG_COMPILER_GLOBAL_ACCENT_COLOR_NAME = AccentColor;
				CODE_SIGN_STYLE = Automatic;
				DEVELOPMENT_TEAM = D5ZAN7Z73F;
				INFOPLIST_FILE = CryptoCoinApp/Info.plist;
				LD_RUNPATH_SEARCH_PATHS = (
					"$(inherited)",
					"@executable_path/Frameworks",
				);
				PRODUCT_BUNDLE_IDENTIFIER = cengizhandumlu.CryptoCoinApp;
				PRODUCT_NAME = "$(TARGET_NAME)";
				SWIFT_VERSION = 5.0;
				TARGETED_DEVICE_FAMILY = "1,2";
			};
			name = Debug;
		};
		6526B38426248B8800BFB4EB /* Release */ = {
			isa = XCBuildConfiguration;
			buildSettings = {
				ASSETCATALOG_COMPILER_APPICON_NAME = AppIcon;
				ASSETCATALOG_COMPILER_GLOBAL_ACCENT_COLOR_NAME = AccentColor;
				CODE_SIGN_STYLE = Automatic;
				DEVELOPMENT_TEAM = D5ZAN7Z73F;
				INFOPLIST_FILE = CryptoCoinApp/Info.plist;
				LD_RUNPATH_SEARCH_PATHS = (
					"$(inherited)",
					"@executable_path/Frameworks",
				);
				PRODUCT_BUNDLE_IDENTIFIER = cengizhandumlu.CryptoCoinApp;
				PRODUCT_NAME = "$(TARGET_NAME)";
				SWIFT_VERSION = 5.0;
				TARGETED_DEVICE_FAMILY = "1,2";
			};
			name = Release;
		};
/* End XCBuildConfiguration section */

/* Begin XCConfigurationList section */
		6526B36926248B8700BFB4EB /* Build configuration list for PBXProject "CryptoCoinApp" */ = {
			isa = XCConfigurationList;
			buildConfigurations = (
				6526B38026248B8800BFB4EB /* Debug */,
				6526B38126248B8800BFB4EB /* Release */,
			);
			defaultConfigurationIsVisible = 0;
			defaultConfigurationName = Release;
		};
		6526B38226248B8800BFB4EB /* Build configuration list for PBXNativeTarget "CryptoCoinApp" */ = {
			isa = XCConfigurationList;
			buildConfigurations = (
				6526B38326248B8800BFB4EB /* Debug */,
				6526B38426248B8800BFB4EB /* Release */,
			);
			defaultConfigurationIsVisible = 0;
			defaultConfigurationName = Release;
		};
/* End XCConfigurationList section */
	};
	rootObject = 6526B36626248B8700BFB4EB /* Project object */;
}
